// !$*UTF8*$!
{
	archiveVersion = 1;
	classes = {
	};
	objectVersion = 46;
	objects = {

/* Begin PBXBuildFile section */
		DF80A57614FF463400F0050E /* UIKit.framework in Frameworks */ = {isa = PBXBuildFile; fileRef = DF80A57514FF463400F0050E /* UIKit.framework */; };
		DF80A57814FF463400F0050E /* Foundation.framework in Frameworks */ = {isa = PBXBuildFile; fileRef = DF80A57714FF463400F0050E /* Foundation.framework */; };
		DF80A57A14FF463400F0050E /* CoreGraphics.framework in Frameworks */ = {isa = PBXBuildFile; fileRef = DF80A57914FF463400F0050E /* CoreGraphics.framework */; };
		DF80A57C14FF463400F0050E /* CoreData.framework in Frameworks */ = {isa = PBXBuildFile; fileRef = DF80A57B14FF463400F0050E /* CoreData.framework */; };
		DF80A58214FF463400F0050E /* InfoPlist.strings in Resources */ = {isa = PBXBuildFile; fileRef = DF80A58014FF463400F0050E /* InfoPlist.strings */; };
		DF80A58414FF463400F0050E /* main.m in Sources */ = {isa = PBXBuildFile; fileRef = DF80A58314FF463400F0050E /* main.m */; };
		DF80A58814FF463400F0050E /* BTAppDelegate.m in Sources */ = {isa = PBXBuildFile; fileRef = DF80A58714FF463400F0050E /* BTAppDelegate.m */; };
		DF80A58B14FF463400F0050E /* HelloCoreData.xcdatamodeld in Sources */ = {isa = PBXBuildFile; fileRef = DF80A58914FF463400F0050E /* HelloCoreData.xcdatamodeld */; };
		DF80A58E14FF463400F0050E /* BTMasterViewController.m in Sources */ = {isa = PBXBuildFile; fileRef = DF80A58D14FF463400F0050E /* BTMasterViewController.m */; };
		DF80A59414FF463400F0050E /* BTMasterViewController_iPhone.xib in Resources */ = {isa = PBXBuildFile; fileRef = DF80A59214FF463400F0050E /* BTMasterViewController_iPhone.xib */; };
		DF80A5A514FF50A900F0050E /* Event.m in Sources */ = {isa = PBXBuildFile; fileRef = DF80A5A414FF50A900F0050E /* Event.m */; };
/* End PBXBuildFile section */

/* Begin PBXFileReference section */
		DF80A57114FF463400F0050E /* HelloCoreData.app */ = {isa = PBXFileReference; explicitFileType = wrapper.application; includeInIndex = 0; path = HelloCoreData.app; sourceTree = BUILT_PRODUCTS_DIR; };
		DF80A57514FF463400F0050E /* UIKit.framework */ = {isa = PBXFileReference; lastKnownFileType = wrapper.framework; name = UIKit.framework; path = System/Library/Frameworks/UIKit.framework; sourceTree = SDKROOT; };
		DF80A57714FF463400F0050E /* Foundation.framework */ = {isa = PBXFileReference; lastKnownFileType = wrapper.framework; name = Foundation.framework; path = System/Library/Frameworks/Foundation.framework; sourceTree = SDKROOT; };
		DF80A57914FF463400F0050E /* CoreGraphics.framework */ = {isa = PBXFileReference; lastKnownFileType = wrapper.framework; name = CoreGraphics.framework; path = System/Library/Frameworks/CoreGraphics.framework; sourceTree = SDKROOT; };
		DF80A57B14FF463400F0050E /* CoreData.framework */ = {isa = PBXFileReference; lastKnownFileType = wrapper.framework; name = CoreData.framework; path = System/Library/Frameworks/CoreData.framework; sourceTree = SDKROOT; };
		DF80A57F14FF463400F0050E /* HelloCoreData-Info.plist */ = {isa = PBXFileReference; lastKnownFileType = text.plist.xml; path = "HelloCoreData-Info.plist"; sourceTree = "<group>"; };
		DF80A58114FF463400F0050E /* en */ = {isa = PBXFileReference; lastKnownFileType = text.plist.strings; name = en; path = en.lproj/InfoPlist.strings; sourceTree = "<group>"; };
		DF80A58314FF463400F0050E /* main.m */ = {isa = PBXFileReference; lastKnownFileType = sourcecode.c.objc; path = main.m; sourceTree = "<group>"; };
		DF80A58514FF463400F0050E /* HelloCoreData-Prefix.pch */ = {isa = PBXFileReference; lastKnownFileType = sourcecode.c.h; path = "HelloCoreData-Prefix.pch"; sourceTree = "<group>"; };
		DF80A58614FF463400F0050E /* BTAppDelegate.h */ = {isa = PBXFileReference; lastKnownFileType = sourcecode.c.h; path = BTAppDelegate.h; sourceTree = "<group>"; };
		DF80A58714FF463400F0050E /* BTAppDelegate.m */ = {isa = PBXFileReference; lastKnownFileType = sourcecode.c.objc; path = BTAppDelegate.m; sourceTree = "<group>"; };
		DF80A58A14FF463400F0050E /* HelloCoreData.xcdatamodel */ = {isa = PBXFileReference; lastKnownFileType = wrapper.xcdatamodel; path = HelloCoreData.xcdatamodel; sourceTree = "<group>"; };
		DF80A58C14FF463400F0050E /* BTMasterViewController.h */ = {isa = PBXFileReference; lastKnownFileType = sourcecode.c.h; path = BTMasterViewController.h; sourceTree = "<group>"; };
		DF80A58D14FF463400F0050E /* BTMasterViewController.m */ = {isa = PBXFileReference; lastKnownFileType = sourcecode.c.objc; path = BTMasterViewController.m; sourceTree = "<group>"; };
		DF80A59314FF463400F0050E /* en */ = {isa = PBXFileReference; lastKnownFileType = file.xib; name = en; path = en.lproj/BTMasterViewController_iPhone.xib; sourceTree = "<group>"; };
		DF80A5A314FF50A900F0050E /* Event.h */ = {isa = PBXFileReference; fileEncoding = 4; lastKnownFileType = sourcecode.c.h; path = Event.h; sourceTree = "<group>"; };
		DF80A5A414FF50A900F0050E /* Event.m */ = {isa = PBXFileReference; fileEncoding = 4; lastKnownFileType = sourcecode.c.objc; path = Event.m; sourceTree = "<group>"; };
/* End PBXFileReference section */

/* Begin PBXFrameworksBuildPhase section */
		DF80A56E14FF463400F0050E /* Frameworks */ = {
			isa = PBXFrameworksBuildPhase;
			buildActionMask = 2147483647;
			files = (
				DF80A57614FF463400F0050E /* UIKit.framework in Frameworks */,
				DF80A57814FF463400F0050E /* Foundation.framework in Frameworks */,
				DF80A57A14FF463400F0050E /* CoreGraphics.framework in Frameworks */,
				DF80A57C14FF463400F0050E /* CoreData.framework in Frameworks */,
			);
			runOnlyForDeploymentPostprocessing = 0;
		};
/* End PBXFrameworksBuildPhase section */

/* Begin PBXGroup section */
		DF80A56614FF463400F0050E = {
			isa = PBXGroup;
			children = (
				DF80A57D14FF463400F0050E /* HelloCoreData */,
				DF80A57414FF463400F0050E /* Frameworks */,
				DF80A57214FF463400F0050E /* Products */,
			);
			sourceTree = "<group>";
		};
		DF80A57214FF463400F0050E /* Products */ = {
			isa = PBXGroup;
			children = (
				DF80A57114FF463400F0050E /* HelloCoreData.app */,
			);
			name = Products;
			sourceTree = "<group>";
		};
		DF80A57414FF463400F0050E /* Frameworks */ = {
			isa = PBXGroup;
			children = (
				DF80A57514FF463400F0050E /* UIKit.framework */,
				DF80A57714FF463400F0050E /* Foundation.framework */,
				DF80A57914FF463400F0050E /* CoreGraphics.framework */,
				DF80A57B14FF463400F0050E /* CoreData.framework */,
			);
			name = Frameworks;
			sourceTree = "<group>";
		};
		DF80A57D14FF463400F0050E /* HelloCoreData */ = {
			isa = PBXGroup;
			children = (
				DF80A58614FF463400F0050E /* BTAppDelegate.h */,
				DF80A58714FF463400F0050E /* BTAppDelegate.m */,
				DF80A58C14FF463400F0050E /* BTMasterViewController.h */,
				DF80A58D14FF463400F0050E /* BTMasterViewController.m */,
				DF80A59214FF463400F0050E /* BTMasterViewController_iPhone.xib */,
				DF80A58914FF463400F0050E /* HelloCoreData.xcdatamodeld */,
				DF80A5A314FF50A900F0050E /* Event.h */,
				DF80A5A414FF50A900F0050E /* Event.m */,
				DF80A57E14FF463400F0050E /* Supporting Files */,
			);
			path = HelloCoreData;
			sourceTree = "<group>";
		};
		DF80A57E14FF463400F0050E /* Supporting Files */ = {
			isa = PBXGroup;
			children = (
				DF80A57F14FF463400F0050E /* HelloCoreData-Info.plist */,
				DF80A58014FF463400F0050E /* InfoPlist.strings */,
				DF80A58314FF463400F0050E /* main.m */,
				DF80A58514FF463400F0050E /* HelloCoreData-Prefix.pch */,
			);
			name = "Supporting Files";
			sourceTree = "<group>";
		};
/* End PBXGroup section */

/* Begin PBXNativeTarget section */
		DF80A57014FF463400F0050E /* HelloCoreData */ = {
			isa = PBXNativeTarget;
			buildConfigurationList = DF80A5A014FF463400F0050E /* Build configuration list for PBXNativeTarget "HelloCoreData" */;
			buildPhases = (
				DF80A56D14FF463400F0050E /* Sources */,
				DF80A56E14FF463400F0050E /* Frameworks */,
				DF80A56F14FF463400F0050E /* Resources */,
			);
			buildRules = (
			);
			dependencies = (
			);
			name = HelloCoreData;
			productName = HelloCoreData;
			productReference = DF80A57114FF463400F0050E /* HelloCoreData.app */;
			productType = "com.apple.product-type.application";
		};
/* End PBXNativeTarget section */

/* Begin PBXProject section */
		DF80A56814FF463400F0050E /* Project object */ = {
			isa = PBXProject;
			attributes = {
				LastUpgradeCheck = 0420;
			};
			buildConfigurationList = DF80A56B14FF463400F0050E /* Build configuration list for PBXProject "HelloCoreData" */;
			compatibilityVersion = "Xcode 3.2";
			developmentRegion = English;
			hasScannedForEncodings = 0;
			knownRegions = (
				en,
			);
			mainGroup = DF80A56614FF463400F0050E;
			productRefGroup = DF80A57214FF463400F0050E /* Products */;
			projectDirPath = "";
			projectRoot = "";
			targets = (
				DF80A57014FF463400F0050E /* HelloCoreData */,
			);
		};
/* End PBXProject section */

/* Begin PBXResourcesBuildPhase section */
		DF80A56F14FF463400F0050E /* Resources */ = {
			isa = PBXResourcesBuildPhase;
			buildActionMask = 2147483647;
			files = (
				DF80A58214FF463400F0050E /* InfoPlist.strings in Resources */,
				DF80A59414FF463400F0050E /* BTMasterViewController_iPhone.xib in Resources */,
			);
			runOnlyForDeploymentPostprocessing = 0;
		};
/* End PBXResourcesBuildPhase section */

/* Begin PBXSourcesBuildPhase section */
		DF80A56D14FF463400F0050E /* Sources */ = {
			isa = PBXSourcesBuildPhase;
			buildActionMask = 2147483647;
			files = (
				DF80A58414FF463400F0050E /* main.m in Sources */,
				DF80A58814FF463400F0050E /* BTAppDelegate.m in Sources */,
				DF80A58B14FF463400F0050E /* HelloCoreData.xcdatamodeld in Sources */,
				DF80A58E14FF463400F0050E /* BTMasterViewController.m in Sources */,
				DF80A5A514FF50A900F0050E /* Event.m in Sources */,
			);
			runOnlyForDeploymentPostprocessing = 0;
		};
/* End PBXSourcesBuildPhase section */

/* Begin PBXVariantGroup section */
		DF80A58014FF463400F0050E /* InfoPlist.strings */ = {
			isa = PBXVariantGroup;
			children = (
				DF80A58114FF463400F0050E /* en */,
			);
			name = InfoPlist.strings;
			sourceTree = "<group>";
		};
		DF80A59214FF463400F0050E /* BTMasterViewController_iPhone.xib */ = {
			isa = PBXVariantGroup;
			children = (
				DF80A59314FF463400F0050E /* en */,
			);
			name = BTMasterViewController_iPhone.xib;
			sourceTree = "<group>";
		};
/* End PBXVariantGroup section */

/* Begin XCBuildConfiguration section */
		DF80A59E14FF463400F0050E /* Debug */ = {
			isa = XCBuildConfiguration;
			buildSettings = {
				ALWAYS_SEARCH_USER_PATHS = NO;
				ARCHS = "$(ARCHS_STANDARD_32_BIT)";
				CLANG_ENABLE_OBJC_ARC = YES;
				"CODE_SIGN_IDENTITY[sdk=iphoneos*]" = "iPhone Developer";
				COPY_PHASE_STRIP = NO;
				GCC_C_LANGUAGE_STANDARD = gnu99;
				GCC_DYNAMIC_NO_PIC = NO;
				GCC_OPTIMIZATION_LEVEL = 0;
				GCC_PREPROCESSOR_DEFINITIONS = (
					"DEBUG=1",
					"$(inherited)",
				);
				GCC_SYMBOLS_PRIVATE_EXTERN = NO;
				GCC_VERSION = com.apple.compilers.llvm.clang.1_0;
				GCC_WARN_ABOUT_MISSING_PROTOTYPES = YES;
				GCC_WARN_ABOUT_RETURN_TYPE = YES;
				GCC_WARN_UNUSED_VARIABLE = YES;
				IPHONEOS_DEPLOYMENT_TARGET = 5.0;
				SDKROOT = iphoneos;
				TARGETED_DEVICE_FAMILY = 1;
			};
			name = Debug;
		};
		DF80A59F14FF463400F0050E /* Release */ = {
			isa = XCBuildConfiguration;
			buildSettings = {
				ALWAYS_SEARCH_USER_PATHS = NO;
				ARCHS = "$(ARCHS_STANDARD_32_BIT)";
				CLANG_ENABLE_OBJC_ARC = YES;
				"CODE_SIGN_IDENTITY[sdk=iphoneos*]" = "iPhone Developer";
				COPY_PHASE_STRIP = YES;
				GCC_C_LANGUAGE_STANDARD = gnu99;
				GCC_VERSION = com.apple.compilers.llvm.clang.1_0;
				GCC_WARN_ABOUT_MISSING_PROTOTYPES = YES;
				GCC_WARN_ABOUT_RETURN_TYPE = YES;
				GCC_WARN_UNUSED_VARIABLE = YES;
				IPHONEOS_DEPLOYMENT_TARGET = 5.0;
				OTHER_CFLAGS = "-DNS_BLOCK_ASSERTIONS=1";
				SDKROOT = iphoneos;
				TARGETED_DEVICE_FAMILY = 1;
				VALIDATE_PRODUCT = YES;
			};
			name = Release;
		};
		DF80A5A114FF463400F0050E /* Debug */ = {
			isa = XCBuildConfiguration;
			buildSettings = {
				GCC_PRECOMPILE_PREFIX_HEADER = YES;
				GCC_PREFIX_HEADER = "HelloCoreData/HelloCoreData-Prefix.pch";
				INFOPLIST_FILE = "HelloCoreData/HelloCoreData-Info.plist";
				PRODUCT_NAME = "$(TARGET_NAME)";
				TARGETED_DEVICE_FAMILY = 1;
				WRAPPER_EXTENSION = app;
			};
			name = Debug;
		};
		DF80A5A214FF463400F0050E /* Release */ = {
			isa = XCBuildConfiguration;
			buildSettings = {
				GCC_PRECOMPILE_PREFIX_HEADER = YES;
				GCC_PREFIX_HEADER = "HelloCoreData/HelloCoreData-Prefix.pch";
				INFOPLIST_FILE = "HelloCoreData/HelloCoreData-Info.plist";
				PRODUCT_NAME = "$(TARGET_NAME)";
				TARGETED_DEVICE_FAMILY = 1;
				WRAPPER_EXTENSION = app;
			};
			name = Release;
		};
/* End XCBuildConfiguration section */

/* Begin XCConfigurationList section */
		DF80A56B14FF463400F0050E /* Build configuration list for PBXProject "HelloCoreData" */ = {
			isa = XCConfigurationList;
			buildConfigurations = (
				DF80A59E14FF463400F0050E /* Debug */,
				DF80A59F14FF463400F0050E /* Release */,
			);
			defaultConfigurationIsVisible = 0;
			defaultConfigurationName = Release;
		};
		DF80A5A014FF463400F0050E /* Build configuration list for PBXNativeTarget "HelloCoreData" */ = {
			isa = XCConfigurationList;
			buildConfigurations = (
				DF80A5A114FF463400F0050E /* Debug */,
				DF80A5A214FF463400F0050E /* Release */,
			);
			defaultConfigurationIsVisible = 0;
			defaultConfigurationName = Release;
		};
/* End XCConfigurationList section */

/* Begin XCVersionGroup section */
		DF80A58914FF463400F0050E /* HelloCoreData.xcdatamodeld */ = {
			isa = XCVersionGroup;
			children = (
				DF80A58A14FF463400F0050E /* HelloCoreData.xcdatamodel */,
			);
			currentVersion = DF80A58A14FF463400F0050E /* HelloCoreData.xcdatamodel */;
			path = HelloCoreData.xcdatamodeld;
			sourceTree = "<group>";
			versionGroupType = wrapper.xcdatamodel;
		};
/* End XCVersionGroup section */
	};
	rootObject = DF80A56814FF463400F0050E /* Project object */;
}
